
Microsoft Visual Studio Solution File, Format Version 12.00
# Visual Studio 15
VisualStudioVersion = 15.0.28307.421
MinimumVisualStudioVersion = 10.0.40219.1
Project("{FAE04EC0-301F-11D3-BF4B-00C04F79EFBC}") = "Collections", "Collections\Collections.csproj", "{3768D647-C69F-4FCA-B0F3-A1FA257A1765}"
EndProject
Global
	GlobalSection(SolutionConfigurationPlatforms) = preSolution
		Debug|Any CPU = Debug|Any CPU
		Release|Any CPU = Release|Any CPU
	EndGlobalSection
	GlobalSection(ProjectConfigurationPlatforms) = postSolution
		{3768D647-C69F-4FCA-B0F3-A1FA257A1765}.Debug|Any CPU.ActiveCfg = Debug|Any CPU
		{3768D647-C69F-4FCA-B0F3-A1FA257A1765}.Debug|Any CPU.Build.0 = Debug|Any CPU
		{3768D647-C69F-4FCA-B0F3-A1FA257A1765}.Release|Any CPU.ActiveCfg = Release|Any CPU
		{3768D647-C69F-4FCA-B0F3-A1FA257A1765}.Release|Any CPU.Build.0 = Release|Any CPU
	EndGlobalSection
	GlobalSection(SolutionProperties) = preSolution
		HideSolutionNode = FALSE
	EndGlobalSection
	GlobalSection(ExtensibilityGlobals) = postSolution
		SolutionGuid = {21FD86C4-5394-4B76-908A-314951CA09E1}
	EndGlobalSection
EndGlobal
